
Microsoft Visual Studio Solution File, Format Version 12.00
# Visual Studio Version 17
VisualStudioVersion = 17.3.32929.385
MinimumVisualStudioVersion = 10.0.40219.1
Project("{9A19103F-16F7-4668-BE54-9A1E7A4F7556}") = "TextSudoku", "TextSudoku\TextSudoku.csproj", "{3FA6933E-86CE-4153-9DA1-13398E942ED0}"
EndProject
Project("{FAE04EC0-301F-11D3-BF4B-00C04F79EFBC}") = "SudokuTest", "SudokuTest\SudokuTest.csproj", "{4A5EE21D-8961-4579-84C5-64E3C278FF3A}"
EndProject
Global
	GlobalSection(SolutionConfigurationPlatforms) = preSolution
		Debug|Any CPU = Debug|Any CPU
		Release|Any CPU = Release|Any CPU
	EndGlobalSection
	GlobalSection(ProjectConfigurationPlatforms) = postSolution
		{3FA6933E-86CE-4153-9DA1-13398E942ED0}.Debug|Any CPU.ActiveCfg = Debug|Any CPU
		{3FA6933E-86CE-4153-9DA1-13398E942ED0}.Debug|Any CPU.Build.0 = Debug|Any CPU
		{3FA6933E-86CE-4153-9DA1-13398E942ED0}.Release|Any CPU.ActiveCfg = Release|Any CPU
		{3FA6933E-86CE-4153-9DA1-13398E942ED0}.Release|Any CPU.Build.0 = Release|Any CPU
		{4A5EE21D-8961-4579-84C5-64E3C278FF3A}.Debug|Any CPU.ActiveCfg = Debug|Any CPU
		{4A5EE21D-8961-4579-84C5-64E3C278FF3A}.Debug|Any CPU.Build.0 = Debug|Any CPU
		{4A5EE21D-8961-4579-84C5-64E3C278FF3A}.Release|Any CPU.ActiveCfg = Release|Any CPU
		{4A5EE21D-8961-4579-84C5-64E3C278FF3A}.Release|Any CPU.Build.0 = Release|Any CPU
	EndGlobalSection
	GlobalSection(SolutionProperties) = preSolution
		HideSolutionNode = FALSE
	EndGlobalSection
	GlobalSection(ExtensibilityGlobals) = postSolution
		SolutionGuid = {C271714A-CC91-4AEB-ACF5-44915C5A9509}
	EndGlobalSection
EndGlobal
